
Microsoft Visual Studio Solution File, Format Version 12.00
# Visual Studio 14
VisualStudioVersion = 14.0.25420.1
MinimumVisualStudioVersion = 10.0.40219.1
Project("{FAE04EC0-301F-11D3-BF4B-00C04F79EFBC}") = "CurrencyConversion", "CurrencyConversion\CurrencyConversion.csproj", "{54B8ACA9-1A26-41E9-91D4-E49382237F43}"
EndProject
Global
	GlobalSection(SolutionConfigurationPlatforms) = preSolution
		Debug|Any CPU = Debug|Any CPU
		Release|Any CPU = Release|Any CPU
	EndGlobalSection
	GlobalSection(ProjectConfigurationPlatforms) = postSolution
		{54B8ACA9-1A26-41E9-91D4-E49382237F43}.Debug|Any CPU.ActiveCfg = Debug|Any CPU
		{54B8ACA9-1A26-41E9-91D4-E49382237F43}.Debug|Any CPU.Build.0 = Debug|Any CPU
		{54B8ACA9-1A26-41E9-91D4-E49382237F43}.Release|Any CPU.ActiveCfg = Release|Any CPU
		{54B8ACA9-1A26-41E9-91D4-E49382237F43}.Release|Any CPU.Build.0 = Release|Any CPU
	EndGlobalSection
	GlobalSection(SolutionProperties) = preSolution
		HideSolutionNode = FALSE
	EndGlobalSection
EndGlobal
